
Microsoft Visual Studio Solution File, Format Version 12.00
# Visual Studio 14
VisualStudioVersion = 14.0.24720.0
MinimumVisualStudioVersion = 10.0.40219.1
Project("{FAE04EC0-301F-11D3-BF4B-00C04F79EFBC}") = "Labb2", "Labb2\Labb2.csproj", "{63ED98FA-0238-4E71-B7BC-FB84E97FAD99}"
EndProject
Project("{FAE04EC0-301F-11D3-BF4B-00C04F79EFBC}") = "Labb2Data", "Labb2Data\Labb2Data.csproj", "{86EDBED0-FA45-435E-88A8-8F907D9C675D}"
EndProject
Global
	GlobalSection(SolutionConfigurationPlatforms) = preSolution
		Debug|Any CPU = Debug|Any CPU
		Release|Any CPU = Release|Any CPU
	EndGlobalSection
	GlobalSection(ProjectConfigurationPlatforms) = postSolution
		{63ED98FA-0238-4E71-B7BC-FB84E97FAD99}.Debug|Any CPU.ActiveCfg = Debug|Any CPU
		{63ED98FA-0238-4E71-B7BC-FB84E97FAD99}.Debug|Any CPU.Build.0 = Debug|Any CPU
		{63ED98FA-0238-4E71-B7BC-FB84E97FAD99}.Release|Any CPU.ActiveCfg = Release|Any CPU
		{63ED98FA-0238-4E71-B7BC-FB84E97FAD99}.Release|Any CPU.Build.0 = Release|Any CPU
		{86EDBED0-FA45-435E-88A8-8F907D9C675D}.Debug|Any CPU.ActiveCfg = Debug|Any CPU
		{86EDBED0-FA45-435E-88A8-8F907D9C675D}.Debug|Any CPU.Build.0 = Debug|Any CPU
		{86EDBED0-FA45-435E-88A8-8F907D9C675D}.Release|Any CPU.ActiveCfg = Release|Any CPU
		{86EDBED0-FA45-435E-88A8-8F907D9C675D}.Release|Any CPU.Build.0 = Release|Any CPU
	EndGlobalSection
	GlobalSection(SolutionProperties) = preSolution
		HideSolutionNode = FALSE
	EndGlobalSection
EndGlobal
